
Microsoft Visual Studio Solution File, Format Version 12.00
# Visual Studio 14
VisualStudioVersion = 14.0.23107.0
MinimumVisualStudioVersion = 10.0.40219.1
Project("{FAE04EC0-301F-11D3-BF4B-00C04F79EFBC}") = "ServiceBusSenderClient", "ServiceBusSenderClient\ServiceBusSenderClient.csproj", "{1A8D5481-2EB0-4A16-9A85-B0EC962B09B7}"
EndProject
Project("{FAE04EC0-301F-11D3-BF4B-00C04F79EFBC}") = "SessionIDHandleAPI", "SessionIDHandleAPI\SessionIDHandleAPI.csproj", "{95B7AD8F-75D2-40E9-972B-AAA3B35E95D9}"
EndProject
Project("{FAE04EC0-301F-11D3-BF4B-00C04F79EFBC}") = "ThirdPartyPayloads", "ThirdPartyPayloads\ThirdPartyPayloads.csproj", "{B68D03C5-B2B2-4767-AB8D-CCC42CDDF448}"
EndProject
Global
	GlobalSection(SolutionConfigurationPlatforms) = preSolution
		Debug|Any CPU = Debug|Any CPU
		Release|Any CPU = Release|Any CPU
	EndGlobalSection
	GlobalSection(ProjectConfigurationPlatforms) = postSolution
		{1A8D5481-2EB0-4A16-9A85-B0EC962B09B7}.Debug|Any CPU.ActiveCfg = Debug|Any CPU
		{1A8D5481-2EB0-4A16-9A85-B0EC962B09B7}.Debug|Any CPU.Build.0 = Debug|Any CPU
		{1A8D5481-2EB0-4A16-9A85-B0EC962B09B7}.Release|Any CPU.ActiveCfg = Release|Any CPU
		{1A8D5481-2EB0-4A16-9A85-B0EC962B09B7}.Release|Any CPU.Build.0 = Release|Any CPU
		{95B7AD8F-75D2-40E9-972B-AAA3B35E95D9}.Debug|Any CPU.ActiveCfg = Debug|Any CPU
		{95B7AD8F-75D2-40E9-972B-AAA3B35E95D9}.Debug|Any CPU.Build.0 = Debug|Any CPU
		{95B7AD8F-75D2-40E9-972B-AAA3B35E95D9}.Release|Any CPU.ActiveCfg = Release|Any CPU
		{95B7AD8F-75D2-40E9-972B-AAA3B35E95D9}.Release|Any CPU.Build.0 = Release|Any CPU
		{B68D03C5-B2B2-4767-AB8D-CCC42CDDF448}.Debug|Any CPU.ActiveCfg = Debug|Any CPU
		{B68D03C5-B2B2-4767-AB8D-CCC42CDDF448}.Debug|Any CPU.Build.0 = Debug|Any CPU
		{B68D03C5-B2B2-4767-AB8D-CCC42CDDF448}.Release|Any CPU.ActiveCfg = Release|Any CPU
		{B68D03C5-B2B2-4767-AB8D-CCC42CDDF448}.Release|Any CPU.Build.0 = Release|Any CPU
	EndGlobalSection
	GlobalSection(SolutionProperties) = preSolution
		HideSolutionNode = FALSE
	EndGlobalSection
EndGlobal
